<?xml version="1.0" encoding="utf-8"?>
<Project ToolsVersion="4.0" xmlns="http://schemas.microsoft.com/developer/msbuild/2003">
  <ItemGroup>
    <Filter Include="소스 파일">
      <UniqueIdentifier>{4FC737F1-C7A5-4376-A066-2A32D752A2FF}</UniqueIdentifier>
      <Extensions>cpp;c;cc;cxx;def;odl;idl;hpj;bat;asm;asmx</Extensions>
    </Filter>
    <Filter Include="헤더 파일">
      <UniqueIdentifier>{93995380-89BD-4b04-88EB-625FBE52EBFB}</UniqueIdentifier>
      <Extensions>h;hh;hpp;hxx;hm;inl;inc;ipp;xsd</Extensions>
    </Filter>
    <Filter Include="리소스 파일">
      <UniqueIdentifier>{67DA6AB6-F800-4c08-8B7A-83BB121AAD01}</UniqueIdentifier>
      <Extensions>rc;ico;cur;bmp;dlg;rc2;rct;bin;rgs;gif;jpg;jpeg;jpe;resx;tiff;tif;png;wav;mfcribbon-ms</Extensions>
    </Filter>
    <Filter Include="소스 파일\1일차">
      <UniqueIdentifier>{8cde95f8-a924-4799-9b4a-5d9bf46b63ef}</UniqueIdentifier>
      <SourceControlFiles>False</SourceControlFiles>
    </Filter>
    <Filter Include="소스 파일\2일차">
      <UniqueIdentifier>{a9c1cb39-01d7-488f-9064-d73468904b2b}</UniqueIdentifier>
    </Filter>
  </ItemGroup>
  <ItemGroup>
    <ClCompile Include="1일차\1157.cpp">
      <Filter>소스 파일\1일차</Filter>
    </ClCompile>
    <ClCompile Include="1일차\1764.cpp">
      <Filter>소스 파일\1일차</Filter>
    </ClCompile>
    <ClCompile Include="1일차\1920.cpp">
      <Filter>소스 파일\1일차</Filter>
    </ClCompile>
    <ClCompile Include="1일차\1927.cpp">
      <Filter>소스 파일\1일차</Filter>
    </ClCompile>
    <ClCompile Include="1일차\2750.cpp">
      <Filter>소스 파일\1일차</Filter>
    </ClCompile>
    <ClCompile Include="1일차\2910.cpp">
      <Filter>소스 파일\1일차</Filter>
    </ClCompile>
    <ClCompile Include="1일차\10799.cpp">
      <Filter>소스 파일\1일차</Filter>
    </ClCompile>
    <ClCompile Include="1일차\10809.cpp">
      <Filter>소스 파일\1일차</Filter>
    </ClCompile>
    <ClCompile Include="1일차\10814.cpp">
      <Filter>소스 파일\1일차</Filter>
    </ClCompile>
    <ClCompile Include="1일차\10828.cpp">
      <Filter>소스 파일\1일차</Filter>
    </ClCompile>
    <ClCompile Include="1일차\10845.cpp">
      <Filter>소스 파일\1일차</Filter>
    </ClCompile>
    <ClCompile Include="1일차\10866.cpp">
      <Filter>소스 파일\1일차</Filter>
    </ClCompile>
    <ClCompile Include="1일차\11279.cpp">
      <Filter>소스 파일\1일차</Filter>
    </ClCompile>
    <ClCompile Include="1일차\11650.cpp">
      <Filter>소스 파일\1일차</Filter>
    </ClCompile>
    <ClCompile Include="1일차\11651.cpp">
      <Filter>소스 파일\1일차</Filter>
    </ClCompile>
    <ClCompile Include="2일차\1331.cpp">
      <Filter>소스 파일\2일차</Filter>
    </ClCompile>
    <ClCompile Include="2일차\1855.cpp">
      <Filter>소스 파일\2일차</Filter>
    </ClCompile>
    <ClCompile Include="2일차\2037.c">
      <Filter>소스 파일\2일차</Filter>
    </ClCompile>
    <ClCompile Include="2일차\2823.cpp">
      <Filter>소스 파일\2일차</Filter>
    </ClCompile>
    <ClCompile Include="2일차\4606.cpp">
      <Filter>소스 파일\2일차</Filter>
    </ClCompile>
    <ClCompile Include="2일차\5612.cpp">
      <Filter>소스 파일\2일차</Filter>
    </ClCompile>
    <ClCompile Include="2일차\5671.cpp">
      <Filter>소스 파일\2일차</Filter>
    </ClCompile>
    <ClCompile Include="2일차\9226.cpp">
      <Filter>소스 파일\2일차</Filter>
    </ClCompile>
    <ClCompile Include="2일차\14710.cpp">
      <Filter>소스 파일\2일차</Filter>
    </ClCompile>
    <ClCompile Include="2일차\15707.cpp">
      <Filter>소스 파일\2일차</Filter>
    </ClCompile>
    <ClCompile Include="2804.cpp">
      <Filter>소스 파일\2일차</Filter>
    </ClCompile>
    <ClCompile Include="4659.cpp">
      <Filter>소스 파일\2일차</Filter>
    </ClCompile>
    <ClCompile Include="1996.cpp">
      <Filter>소스 파일\2일차</Filter>
    </ClCompile>
    <ClCompile Include="2160.cpp">
      <Filter>소스 파일\2일차</Filter>
    </ClCompile>
    <ClCompile Include="2615.cpp">
      <Filter>소스 파일\2일차</Filter>
    </ClCompile>
    <ClCompile Include="2일차\1996.cpp">
      <Filter>소스 파일\2일차</Filter>
    </ClCompile>
    <ClCompile Include="2일차\2160.cpp">
      <Filter>소스 파일\2일차</Filter>
    </ClCompile>
    <ClCompile Include="2일차\2615.cpp">
      <Filter>소스 파일\2일차</Filter>
    </ClCompile>
    <ClCompile Include="2일차\2804.cpp">
      <Filter>소스 파일\2일차</Filter>
    </ClCompile>
    <ClCompile Include="2일차\4659.cpp">
      <Filter>소스 파일\2일차</Filter>
    </ClCompile>
  </ItemGroup>
</Project>